// !$*UTF8*$!
{
	archiveVersion = 1;
	classes = {
	};
	objectVersion = 50;
	objects = {

/* Begin PBXBuildFile section */
		844522BD22E6336B00567E3C /* AppDelegate.swift in Sources */ = {isa = PBXBuildFile; fileRef = 844522BC22E6336B00567E3C /* AppDelegate.swift */; };
		844522BF22E6336B00567E3C /* Scene.sks in Resources */ = {isa = PBXBuildFile; fileRef = 844522BE22E6336B00567E3C /* Scene.sks */; };
		844522C122E6336B00567E3C /* Scene.swift in Sources */ = {isa = PBXBuildFile; fileRef = 844522C022E6336B00567E3C /* Scene.swift */; };
		844522C322E6336B00567E3C /* ViewController.swift in Sources */ = {isa = PBXBuildFile; fileRef = 844522C222E6336B00567E3C /* ViewController.swift */; };
		844522C622E6336B00567E3C /* Main.storyboard in Resources */ = {isa = PBXBuildFile; fileRef = 844522C422E6336B00567E3C /* Main.storyboard */; };
		844522C822E6336C00567E3C /* Assets.xcassets in Resources */ = {isa = PBXBuildFile; fileRef = 844522C722E6336C00567E3C /* Assets.xcassets */; };
		844522CB22E6336C00567E3C /* LaunchScreen.storyboard in Resources */ = {isa = PBXBuildFile; fileRef = 844522C922E6336C00567E3C /* LaunchScreen.storyboard */; };
		8472C74E22E8316A00C69118 /* QuickDeath.mp3 in Resources */ = {isa = PBXBuildFile; fileRef = 8472C74D22E8316A00C69118 /* QuickDeath.mp3 */; };
/* End PBXBuildFile section */

/* Begin PBXFileReference section */
		844522B922E6336B00567E3C /* PokemonAR.app */ = {isa = PBXFileReference; explicitFileType = wrapper.application; includeInIndex = 0; path = PokemonAR.app; sourceTree = BUILT_PRODUCTS_DIR; };
		844522BC22E6336B00567E3C /* AppDelegate.swift */ = {isa = PBXFileReference; lastKnownFileType = sourcecode.swift; path = AppDelegate.swift; sourceTree = "<group>"; };
		844522BE22E6336B00567E3C /* Scene.sks */ = {isa = PBXFileReference; lastKnownFileType = file.sks; path = Scene.sks; sourceTree = "<group>"; };
		844522C022E6336B00567E3C /* Scene.swift */ = {isa = PBXFileReference; lastKnownFileType = sourcecode.swift; path = Scene.swift; sourceTree = "<group>"; };
		844522C222E6336B00567E3C /* ViewController.swift */ = {isa = PBXFileReference; lastKnownFileType = sourcecode.swift; path = ViewController.swift; sourceTree = "<group>"; };
		844522C522E6336B00567E3C /* Base */ = {isa = PBXFileReference; lastKnownFileType = file.storyboard; name = Base; path = Base.lproj/Main.storyboard; sourceTree = "<group>"; };
		844522C722E6336C00567E3C /* Assets.xcassets */ = {isa = PBXFileReference; lastKnownFileType = folder.assetcatalog; path = Assets.xcassets; sourceTree = "<group>"; };
		844522CA22E6336C00567E3C /* Base */ = {isa = PBXFileReference; lastKnownFileType = file.storyboard; name = Base; path = Base.lproj/LaunchScreen.storyboard; sourceTree = "<group>"; };
		844522CC22E6336D00567E3C /* Info.plist */ = {isa = PBXFileReference; lastKnownFileType = text.plist.xml; path = Info.plist; sourceTree = "<group>"; };
		8472C74D22E8316A00C69118 /* QuickDeath.mp3 */ = {isa = PBXFileReference; lastKnownFileType = audio.mp3; path = QuickDeath.mp3; sourceTree = "<group>"; };
/* End PBXFileReference section */

/* Begin PBXFrameworksBuildPhase section */
		844522B622E6336B00567E3C /* Frameworks */ = {
			isa = PBXFrameworksBuildPhase;
			buildActionMask = 2147483647;
			files = (
			);
			runOnlyForDeploymentPostprocessing = 0;
		};
/* End PBXFrameworksBuildPhase section */

/* Begin PBXGroup section */
		844522B022E6336A00567E3C = {
			isa = PBXGroup;
			children = (
				844522BB22E6336B00567E3C /* PokemonAR */,
				844522BA22E6336B00567E3C /* Products */,
			);
			sourceTree = "<group>";
		};
		844522BA22E6336B00567E3C /* Products */ = {
			isa = PBXGroup;
			children = (
				844522B922E6336B00567E3C /* PokemonAR.app */,
			);
			name = Products;
			sourceTree = "<group>";
		};
		844522BB22E6336B00567E3C /* PokemonAR */ = {
			isa = PBXGroup;
			children = (
				844522BC22E6336B00567E3C /* AppDelegate.swift */,
				844522BE22E6336B00567E3C /* Scene.sks */,
				844522C022E6336B00567E3C /* Scene.swift */,
				844522C222E6336B00567E3C /* ViewController.swift */,
				844522C422E6336B00567E3C /* Main.storyboard */,
				8472C74D22E8316A00C69118 /* QuickDeath.mp3 */,
				844522C722E6336C00567E3C /* Assets.xcassets */,
				844522C922E6336C00567E3C /* LaunchScreen.storyboard */,
				844522CC22E6336D00567E3C /* Info.plist */,
			);
			path = PokemonAR;
			sourceTree = "<group>";
		};
/* End PBXGroup section */

/* Begin PBXNativeTarget section */
		844522B822E6336B00567E3C /* PokemonAR */ = {
			isa = PBXNativeTarget;
			buildConfigurationList = 844522CF22E6336D00567E3C /* Build configuration list for PBXNativeTarget "PokemonAR" */;
			buildPhases = (
				844522B522E6336B00567E3C /* Sources */,
				844522B622E6336B00567E3C /* Frameworks */,
				844522B722E6336B00567E3C /* Resources */,
			);
			buildRules = (
			);
			dependencies = (
			);
			name = PokemonAR;
			productName = PokemonAR;
			productReference = 844522B922E6336B00567E3C /* PokemonAR.app */;
			productType = "com.apple.product-type.application";
		};
/* End PBXNativeTarget section */

/* Begin PBXProject section */
		844522B122E6336A00567E3C /* Project object */ = {
			isa = PBXProject;
			attributes = {
				LastSwiftUpdateCheck = 1020;
				LastUpgradeCheck = 1020;
				ORGANIZATIONNAME = admin;
				TargetAttributes = {
					844522B822E6336B00567E3C = {
						CreatedOnToolsVersion = 10.2.1;
					};
				};
			};
			buildConfigurationList = 844522B422E6336B00567E3C /* Build configuration list for PBXProject "PokemonAR" */;
			compatibilityVersion = "Xcode 9.3";
			developmentRegion = en;
			hasScannedForEncodings = 0;
			knownRegions = (
				en,
				Base,
			);
			mainGroup = 844522B022E6336A00567E3C;
			productRefGroup = 844522BA22E6336B00567E3C /* Products */;
			projectDirPath = "";
			projectRoot = "";
			targets = (
				844522B822E6336B00567E3C /* PokemonAR */,
			);
		};
/* End PBXProject section */

/* Begin PBXResourcesBuildPhase section */
		844522B722E6336B00567E3C /* Resources */ = {
			isa = PBXResourcesBuildPhase;
			buildActionMask = 2147483647;
			files = (
				8472C74E22E8316A00C69118 /* QuickDeath.mp3 in Resources */,
				844522BF22E6336B00567E3C /* Scene.sks in Resources */,
				844522CB22E6336C00567E3C /* LaunchScreen.storyboard in Resources */,
				844522C822E6336C00567E3C /* Assets.xcassets in Resources */,
				844522C622E6336B00567E3C /* Main.storyboard in Resources */,
			);
			runOnlyForDeploymentPostprocessing = 0;
		};
/* End PBXResourcesBuildPhase section */

/* Begin PBXSourcesBuildPhase section */
		844522B522E6336B00567E3C /* Sources */ = {
			isa = PBXSourcesBuildPhase;
			buildActionMask = 2147483647;
			files = (
				844522C322E6336B00567E3C /* ViewController.swift in Sources */,
				844522C122E6336B00567E3C /* Scene.swift in Sources */,
				844522BD22E6336B00567E3C /* AppDelegate.swift in Sources */,
			);
			runOnlyForDeploymentPostprocessing = 0;
		};
/* End PBXSourcesBuildPhase section */

/* Begin PBXVariantGroup section */
		844522C422E6336B00567E3C /* Main.storyboard */ = {
			isa = PBXVariantGroup;
			children = (
				844522C522E6336B00567E3C /* Base */,
			);
			name = Main.storyboard;
			sourceTree = "<group>";
		};
		844522C922E6336C00567E3C /* LaunchScreen.storyboard */ = {
			isa = PBXVariantGroup;
			children = (
				844522CA22E6336C00567E3C /* Base */,
			);
			name = LaunchScreen.storyboard;
			sourceTree = "<group>";
		};
/* End PBXVariantGroup section */

/* Begin XCBuildConfiguration section */
		844522CD22E6336D00567E3C /* Debug */ = {
			isa = XCBuildConfiguration;
			buildSettings = {
				ALWAYS_SEARCH_USER_PATHS = NO;
				CLANG_ANALYZER_NONNULL = YES;
				CLANG_ANALYZER_NUMBER_OBJECT_CONVERSION = YES_AGGRESSIVE;
				CLANG_CXX_LANGUAGE_STANDARD = "gnu++14";
				CLANG_CXX_LIBRARY = "libc++";
				CLANG_ENABLE_MODULES = YES;
				CLANG_ENABLE_OBJC_ARC = YES;
				CLANG_ENABLE_OBJC_WEAK = YES;
				CLANG_WARN_BLOCK_CAPTURE_AUTORELEASING = YES;
				CLANG_WARN_BOOL_CONVERSION = YES;
				CLANG_WARN_COMMA = YES;
				CLANG_WARN_CONSTANT_CONVERSION = YES;
				CLANG_WARN_DEPRECATED_OBJC_IMPLEMENTATIONS = YES;
				CLANG_WARN_DIRECT_OBJC_ISA_USAGE = YES_ERROR;
				CLANG_WARN_DOCUMENTATION_COMMENTS = YES;
				CLANG_WARN_EMPTY_BODY = YES;
				CLANG_WARN_ENUM_CONVERSION = YES;
				CLANG_WARN_INFINITE_RECURSION = YES;
				CLANG_WARN_INT_CONVERSION = YES;
				CLANG_WARN_NON_LITERAL_NULL_CONVERSION = YES;
				CLANG_WARN_OBJC_IMPLICIT_RETAIN_SELF = YES;
				CLANG_WARN_OBJC_LITERAL_CONVERSION = YES;
				CLANG_WARN_OBJC_ROOT_CLASS = YES_ERROR;
				CLANG_WARN_RANGE_LOOP_ANALYSIS = YES;
				CLANG_WARN_STRICT_PROTOTYPES = YES;
				CLANG_WARN_SUSPICIOUS_MOVE = YES;
				CLANG_WARN_UNGUARDED_AVAILABILITY = YES_AGGRESSIVE;
				CLANG_WARN_UNREACHABLE_CODE = YES;
				CLANG_WARN__DUPLICATE_METHOD_MATCH = YES;
				CODE_SIGN_IDENTITY = "iPhone Developer";
				COPY_PHASE_STRIP = NO;
				DEBUG_INFORMATION_FORMAT = dwarf;
				ENABLE_STRICT_OBJC_MSGSEND = YES;
				ENABLE_TESTABILITY = YES;
				GCC_C_LANGUAGE_STANDARD = gnu11;
				GCC_DYNAMIC_NO_PIC = NO;
				GCC_NO_COMMON_BLOCKS = YES;
				GCC_OPTIMIZATION_LEVEL = 0;
				GCC_PREPROCESSOR_DEFINITIONS = (
					"DEBUG=1",
					"$(inherited)",
				);
				GCC_WARN_64_TO_32_BIT_CONVERSION = YES;
				GCC_WARN_ABOUT_RETURN_TYPE = YES_ERROR;
				GCC_WARN_UNDECLARED_SELECTOR = YES;
				GCC_WARN_UNINITIALIZED_AUTOS = YES_AGGRESSIVE;
				GCC_WARN_UNUSED_FUNCTION = YES;
				GCC_WARN_UNUSED_VARIABLE = YES;
				IPHONEOS_DEPLOYMENT_TARGET = 12.2;
				MTL_ENABLE_DEBUG_INFO = INCLUDE_SOURCE;
				MTL_FAST_MATH = YES;
				ONLY_ACTIVE_ARCH = YES;
				SDKROOT = iphoneos;
				SWIFT_ACTIVE_COMPILATION_CONDITIONS = DEBUG;
				SWIFT_OPTIMIZATION_LEVEL = "-Onone";
			};
			name = Debug;
		};
		844522CE22E6336D00567E3C /* Release */ = {
			isa = XCBuildConfiguration;
			buildSettings = {
				ALWAYS_SEARCH_USER_PATHS = NO;
				CLANG_ANALYZER_NONNULL = YES;
				CLANG_ANALYZER_NUMBER_OBJECT_CONVERSION = YES_AGGRESSIVE;
				CLANG_CXX_LANGUAGE_STANDARD = "gnu++14";
				CLANG_CXX_LIBRARY = "libc++";
				CLANG_ENABLE_MODULES = YES;
				CLANG_ENABLE_OBJC_ARC = YES;
				CLANG_ENABLE_OBJC_WEAK = YES;
				CLANG_WARN_BLOCK_CAPTURE_AUTORELEASING = YES;
				CLANG_WARN_BOOL_CONVERSION = YES;
				CLANG_WARN_COMMA = YES;
				CLANG_WARN_CONSTANT_CONVERSION = YES;
				CLANG_WARN_DEPRECATED_OBJC_IMPLEMENTATIONS = YES;
				CLANG_WARN_DIRECT_OBJC_ISA_USAGE = YES_ERROR;
				CLANG_WARN_DOCUMENTATION_COMMENTS = YES;
				CLANG_WARN_EMPTY_BODY = YES;
				CLANG_WARN_ENUM_CONVERSION = YES;
				CLANG_WARN_INFINITE_RECURSION = YES;
				CLANG_WARN_INT_CONVERSION = YES;
				CLANG_WARN_NON_LITERAL_NULL_CONVERSION = YES;
				CLANG_WARN_OBJC_IMPLICIT_RETAIN_SELF = YES;
				CLANG_WARN_OBJC_LITERAL_CONVERSION = YES;
				CLANG_WARN_OBJC_ROOT_CLASS = YES_ERROR;
				CLANG_WARN_RANGE_LOOP_ANALYSIS = YES;
				CLANG_WARN_STRICT_PROTOTYPES = YES;
				CLANG_WARN_SUSPICIOUS_MOVE = YES;
				CLANG_WARN_UNGUARDED_AVAILABILITY = YES_AGGRESSIVE;
				CLANG_WARN_UNREACHABLE_CODE = YES;
				CLANG_WARN__DUPLICATE_METHOD_MATCH = YES;
				CODE_SIGN_IDENTITY = "iPhone Developer";
				COPY_PHASE_STRIP = NO;
				DEBUG_INFORMATION_FORMAT = "dwarf-with-dsym";
				ENABLE_NS_ASSERTIONS = NO;
				ENABLE_STRICT_OBJC_MSGSEND = YES;
				GCC_C_LANGUAGE_STANDARD = gnu11;
				GCC_NO_COMMON_BLOCKS = YES;
				GCC_WARN_64_TO_32_BIT_CONVERSION = YES;
				GCC_WARN_ABOUT_RETURN_TYPE = YES_ERROR;
				GCC_WARN_UNDECLARED_SELECTOR = YES;
				GCC_WARN_UNINITIALIZED_AUTOS = YES_AGGRESSIVE;
				GCC_WARN_UNUSED_FUNCTION = YES;
				GCC_WARN_UNUSED_VARIABLE = YES;
				IPHONEOS_DEPLOYMENT_TARGET = 12.2;
				MTL_ENABLE_DEBUG_INFO = NO;
				MTL_FAST_MATH = YES;
				SDKROOT = iphoneos;
				SWIFT_COMPILATION_MODE = wholemodule;
				SWIFT_OPTIMIZATION_LEVEL = "-O";
				VALIDATE_PRODUCT = YES;
			};
			name = Release;
		};
		844522D022E6336D00567E3C /* Debug */ = {
			isa = XCBuildConfiguration;
			buildSettings = {
				ASSETCATALOG_COMPILER_APPICON_NAME = AppIcon;
				CODE_SIGN_STYLE = Automatic;
				DEVELOPMENT_TEAM = MZKL96N2NF;
				INFOPLIST_FILE = PokemonAR/Info.plist;
				LD_RUNPATH_SEARCH_PATHS = (
					"$(inherited)",
					"@executable_path/Frameworks",
				);
				MACOSX_DEPLOYMENT_TARGET = 10.12;
				PRODUCT_BUNDLE_IDENTIFIER = com.pablo.PokemonAR;
				PRODUCT_NAME = "$(TARGET_NAME)";
				SWIFT_VERSION = 5.0;
				TARGETED_DEVICE_FAMILY = "1,2";
			};
			name = Debug;
		};
		844522D122E6336D00567E3C /* Release */ = {
			isa = XCBuildConfiguration;
			buildSettings = {
				ASSETCATALOG_COMPILER_APPICON_NAME = AppIcon;
				CODE_SIGN_STYLE = Automatic;
				DEVELOPMENT_TEAM = MZKL96N2NF;
				INFOPLIST_FILE = PokemonAR/Info.plist;
				LD_RUNPATH_SEARCH_PATHS = (
					"$(inherited)",
					"@executable_path/Frameworks",
				);
				MACOSX_DEPLOYMENT_TARGET = 10.12;
				PRODUCT_BUNDLE_IDENTIFIER = com.pablo.PokemonAR;
				PRODUCT_NAME = "$(TARGET_NAME)";
				SWIFT_VERSION = 5.0;
				TARGETED_DEVICE_FAMILY = "1,2";
			};
			name = Release;
		};
/* End XCBuildConfiguration section */

/* Begin XCConfigurationList section */
		844522B422E6336B00567E3C /* Build configuration list for PBXProject "PokemonAR" */ = {
			isa = XCConfigurationList;
			buildConfigurations = (
				844522CD22E6336D00567E3C /* Debug */,
				844522CE22E6336D00567E3C /* Release */,
			);
			defaultConfigurationIsVisible = 0;
			defaultConfigurationName = Release;
		};
		844522CF22E6336D00567E3C /* Build configuration list for PBXNativeTarget "PokemonAR" */ = {
			isa = XCConfigurationList;
			buildConfigurations = (
				844522D022E6336D00567E3C /* Debug */,
				844522D122E6336D00567E3C /* Release */,
			);
			defaultConfigurationIsVisible = 0;
			defaultConfigurationName = Release;
		};
/* End XCConfigurationList section */
	};
	rootObject = 844522B122E6336A00567E3C /* Project object */;
}
